
Microsoft Visual Studio Solution File, Format Version 12.00
# Visual Studio 15
VisualStudioVersion = 15.0.28307.779
MinimumVisualStudioVersion = 10.0.40219.1
Project("{8BC9CEB8-8B4A-11D0-8D11-00A0C91BC942}") = "Fasade", "Fasade\Fasade.vcxproj", "{B590FD38-3D7F-4F6D-ADE4-03DF9CABEE51}"
EndProject
Global
	GlobalSection(SolutionConfigurationPlatforms) = preSolution
		Debug|x64 = Debug|x64
		Debug|x86 = Debug|x86
		Release|x64 = Release|x64
		Release|x86 = Release|x86
	EndGlobalSection
	GlobalSection(ProjectConfigurationPlatforms) = postSolution
		{B590FD38-3D7F-4F6D-ADE4-03DF9CABEE51}.Debug|x64.ActiveCfg = Debug|x64
		{B590FD38-3D7F-4F6D-ADE4-03DF9CABEE51}.Debug|x64.Build.0 = Debug|x64
		{B590FD38-3D7F-4F6D-ADE4-03DF9CABEE51}.Debug|x86.ActiveCfg = Debug|Win32
		{B590FD38-3D7F-4F6D-ADE4-03DF9CABEE51}.Debug|x86.Build.0 = Debug|Win32
		{B590FD38-3D7F-4F6D-ADE4-03DF9CABEE51}.Release|x64.ActiveCfg = Release|x64
		{B590FD38-3D7F-4F6D-ADE4-03DF9CABEE51}.Release|x64.Build.0 = Release|x64
		{B590FD38-3D7F-4F6D-ADE4-03DF9CABEE51}.Release|x86.ActiveCfg = Release|Win32
		{B590FD38-3D7F-4F6D-ADE4-03DF9CABEE51}.Release|x86.Build.0 = Release|Win32
	EndGlobalSection
	GlobalSection(SolutionProperties) = preSolution
		HideSolutionNode = FALSE
	EndGlobalSection
	GlobalSection(ExtensibilityGlobals) = postSolution
		SolutionGuid = {3509B1B8-6CC1-44EE-9A2E-E61E9844EEC7}
	EndGlobalSection
EndGlobal
